
Microsoft Visual Studio Solution File, Format Version 12.00
# Visual Studio Version 17
VisualStudioVersion = 17.11.35312.102
MinimumVisualStudioVersion = 10.0.40219.1
Project("{FAE04EC0-301F-11D3-BF4B-00C04F79EFBC}") = "LoanManagementSystem", "LoanManagementSystem\LoanManagementSystem.csproj", "{5A774096-6418-4D19-80D1-6C25E4BDDAF3}"
EndProject
Project("{FAE04EC0-301F-11D3-BF4B-00C04F79EFBC}") = "LoanManagementLibrary", "LoanManagementLibrary\LoanManagementLibrary.csproj", "{FABB766B-8CFE-4B86-B106-ACAE4C952BA0}"
EndProject
Global
	GlobalSection(SolutionConfigurationPlatforms) = preSolution
		Debug|Any CPU = Debug|Any CPU
		Release|Any CPU = Release|Any CPU
	EndGlobalSection
	GlobalSection(ProjectConfigurationPlatforms) = postSolution
		{5A774096-6418-4D19-80D1-6C25E4BDDAF3}.Debug|Any CPU.ActiveCfg = Debug|Any CPU
		{5A774096-6418-4D19-80D1-6C25E4BDDAF3}.Debug|Any CPU.Build.0 = Debug|Any CPU
		{5A774096-6418-4D19-80D1-6C25E4BDDAF3}.Release|Any CPU.ActiveCfg = Release|Any CPU
		{5A774096-6418-4D19-80D1-6C25E4BDDAF3}.Release|Any CPU.Build.0 = Release|Any CPU
		{FABB766B-8CFE-4B86-B106-ACAE4C952BA0}.Debug|Any CPU.ActiveCfg = Debug|Any CPU
		{FABB766B-8CFE-4B86-B106-ACAE4C952BA0}.Debug|Any CPU.Build.0 = Debug|Any CPU
		{FABB766B-8CFE-4B86-B106-ACAE4C952BA0}.Release|Any CPU.ActiveCfg = Release|Any CPU
		{FABB766B-8CFE-4B86-B106-ACAE4C952BA0}.Release|Any CPU.Build.0 = Release|Any CPU
	EndGlobalSection
	GlobalSection(SolutionProperties) = preSolution
		HideSolutionNode = FALSE
	EndGlobalSection
	GlobalSection(ExtensibilityGlobals) = postSolution
		SolutionGuid = {8982BE9A-0F15-4C7A-AC33-20D5DB6283F1}
	EndGlobalSection
EndGlobal
